PODS:
  - Alamofire (4.4.0)
  - Answers (1.3.4):
    - Fabric (~> 1.6.3)
  - Branch (0.13.5):
    - Branch/Core (= 0.13.5)
    - Branch/without-IDFA (= 0.13.5)
  - Branch/Core (0.13.5)
  - Branch/without-IDFA (0.13.5)
  - CountryPickerSwift (1.4.0)
  - Crashlytics (3.8.4):
    - Fabric (~> 1.6.3)
  - Fabric (1.6.11)
  - IQKeyboardManagerSwift (4.0.8)
  - Kingfisher (3.5.2)
  - OneSignal (2.4.2)
  - p2.OAuth2 (3.0.3)
  - PhoneNumberKit (1.2.2):
    - PhoneNumberKit/PhoneNumberKitCore (= 1.2.2)
    - PhoneNumberKit/UIKit (= 1.2.2)
  - PhoneNumberKit/PhoneNumberKitCore (1.2.2)
  - PhoneNumberKit/UIKit (1.2.2):
    - PhoneNumberKit/PhoneNumberKitCore
  - Spring (1.0.3)
  - Swifter (2.0.2)
  - SwiftQRCode (3.0.2)
  - SwiftyJSON (3.1.4)
  - TwitterCore (2.8.0):
    - Fabric
  - TwitterKit (2.8.1):
    - TwitterCore (>= 2.8)

DEPENDENCIES:
  - Alamofire
  - Answers
  - Branch
  - CountryPickerSwift
  - Crashlytics
  - Fabric
  - IQKeyboardManagerSwift
  - Kingfisher
  - OneSignal
  - p2.OAuth2
  - PhoneNumberKit (~> 1.2)
  - Spring (from `https://github.com/MengTo/Spring.git`, branch `swift3`)
  - Swifter (from `https://github.com/mattdonnelly/Swifter.git`)
  - SwiftQRCode
  - SwiftyJSON
  - TwitterKit

EXTERNAL SOURCES:
  Spring:
    :branch: swift3
    :git: https://github.com/MengTo/Spring.git
  Swifter:
    :git: https://github.com/mattdonnelly/Swifter.git

CHECKOUT OPTIONS:
  Spring:
    :commit: 3a9227c6e9157e7b47f5ac1ee5abab2a56b50002
    :git: https://github.com/MengTo/Spring.git
  Swifter:
    :commit: 6d15237f58a1c4d65d8686978dfb9e0132e625b5
    :git: https://github.com/mattdonnelly/Swifter.git

SPEC CHECKSUMS:
  Alamofire: dc44b1600b800eb63da6a19039a0083d62a6a62d
  Answers: 6a4d22973d8550808630a55f526055c9eb6d39a2
  Branch: 08e40d84f20b188443fd808fe01dadcc13d1727e
  CountryPickerSwift: f6a2202071f2627ea6b22f7bc6b130c6582efca3
  Crashlytics: 79e236942ca1e7fc641df1feb9a275360a78ab6a
  Fabric: 5911403591946b8228ab1c51d98f1d7137e863c6
  IQKeyboardManagerSwift: c04bc9f68473823f825eb44d958fce98d921bead
  Kingfisher: 9950e382c500b6834ce004c7c4131c444e90c3a1
  OneSignal: a94d1ca53d05c29de4f4b150bad8ff9c4cc34f67
  p2.OAuth2: 63d8d3e366ac2c43bfe8bfa13b42cfeb908c314e
  PhoneNumberKit: ffae8f18fb78c1425c7af973711b0b0fd4f4104f
  Spring: 3f02b5dc3308572ef177b3cad0fa7bbc4b0706f7
  Swifter: ec243114356f2e4c654a1957b770c6e925d2ea75
  SwiftQRCode: 280589699d84195c2c573011aa52f2c015c31c34
  SwiftyJSON: c2842d878f95482ffceec5709abc3d05680c0220
  TwitterCore: e959987be23c767004d29eb7fab8d85d8585a2e5
  TwitterKit: 3b6044a7320340326a4098f3e37aa1dbaeb94942

PODFILE CHECKSUM: 16bcd0a6a0d9a0a87176c5d82cb61e1fb16bc9e9

COCOAPODS: 1.2.0.rc.1
